// !$*UTF8*$!
{
	archiveVersion = 1;
	classes = {
	};
	objectVersion = 50;
	objects = {

/* Begin PBXBuildFile section */
		D9EAE7D4240DED9D0063E8C8 /* AppDelegate.swift in Sources */ = {isa = PBXBuildFile; fileRef = D9EAE7D3240DED9D0063E8C8 /* AppDelegate.swift */; };
		D9EAE7D6240DED9D0063E8C8 /* ViewController.swift in Sources */ = {isa = PBXBuildFile; fileRef = D9EAE7D5240DED9D0063E8C8 /* ViewController.swift */; };
		D9EAE7DB240DED9D0063E8C8 /* Main.storyboard in Resources */ = {isa = PBXBuildFile; fileRef = D9EAE7D9240DED9D0063E8C8 /* Main.storyboard */; };
		D9EAE7DD240DEDA10063E8C8 /* Assets.xcassets in Resources */ = {isa = PBXBuildFile; fileRef = D9EAE7DC240DEDA10063E8C8 /* Assets.xcassets */; };
		D9EAE7E0240DEDA10063E8C8 /* LaunchScreen.storyboard in Resources */ = {isa = PBXBuildFile; fileRef = D9EAE7DE240DEDA10063E8C8 /* LaunchScreen.storyboard */; };
		D9EAE7EB240DEDA10063E8C8 /* shadesTests.swift in Sources */ = {isa = PBXBuildFile; fileRef = D9EAE7EA240DEDA10063E8C8 /* shadesTests.swift */; };
		D9EAE7F6240DEDA10063E8C8 /* shadesUITests.swift in Sources */ = {isa = PBXBuildFile; fileRef = D9EAE7F5240DEDA10063E8C8 /* shadesUITests.swift */; };
		D9EAE804240DEE230063E8C8 /* shades.rcproject in Sources */ = {isa = PBXBuildFile; fileRef = D9EAE803240DEE230063E8C8 /* shades.rcproject */; };
/* End PBXBuildFile section */

/* Begin PBXContainerItemProxy section */
		D9EAE7E7240DEDA10063E8C8 /* PBXContainerItemProxy */ = {
			isa = PBXContainerItemProxy;
			containerPortal = D9EAE7C8240DED9D0063E8C8 /* Project object */;
			proxyType = 1;
			remoteGlobalIDString = D9EAE7CF240DED9D0063E8C8;
			remoteInfo = shades;
		};
		D9EAE7F2240DEDA10063E8C8 /* PBXContainerItemProxy */ = {
			isa = PBXContainerItemProxy;
			containerPortal = D9EAE7C8240DED9D0063E8C8 /* Project object */;
			proxyType = 1;
			remoteGlobalIDString = D9EAE7CF240DED9D0063E8C8;
			remoteInfo = shades;
		};
/* End PBXContainerItemProxy section */

/* Begin PBXFileReference section */
		D9EAE7D0240DED9D0063E8C8 /* shades.app */ = {isa = PBXFileReference; explicitFileType = wrapper.application; includeInIndex = 0; path = shades.app; sourceTree = BUILT_PRODUCTS_DIR; };
		D9EAE7D3240DED9D0063E8C8 /* AppDelegate.swift */ = {isa = PBXFileReference; lastKnownFileType = sourcecode.swift; path = AppDelegate.swift; sourceTree = "<group>"; };
		D9EAE7D5240DED9D0063E8C8 /* ViewController.swift */ = {isa = PBXFileReference; lastKnownFileType = sourcecode.swift; path = ViewController.swift; sourceTree = "<group>"; };
		D9EAE7DA240DED9D0063E8C8 /* Base */ = {isa = PBXFileReference; lastKnownFileType = file.storyboard; name = Base; path = Base.lproj/Main.storyboard; sourceTree = "<group>"; };
		D9EAE7DC240DEDA10063E8C8 /* Assets.xcassets */ = {isa = PBXFileReference; lastKnownFileType = folder.assetcatalog; path = Assets.xcassets; sourceTree = "<group>"; };
		D9EAE7DF240DEDA10063E8C8 /* Base */ = {isa = PBXFileReference; lastKnownFileType = file.storyboard; name = Base; path = Base.lproj/LaunchScreen.storyboard; sourceTree = "<group>"; };
		D9EAE7E1240DEDA10063E8C8 /* Info.plist */ = {isa = PBXFileReference; lastKnownFileType = text.plist.xml; path = Info.plist; sourceTree = "<group>"; };
		D9EAE7E6240DEDA10063E8C8 /* shadesTests.xctest */ = {isa = PBXFileReference; explicitFileType = wrapper.cfbundle; includeInIndex = 0; path = shadesTests.xctest; sourceTree = BUILT_PRODUCTS_DIR; };
		D9EAE7EA240DEDA10063E8C8 /* shadesTests.swift */ = {isa = PBXFileReference; lastKnownFileType = sourcecode.swift; path = shadesTests.swift; sourceTree = "<group>"; };
		D9EAE7EC240DEDA10063E8C8 /* Info.plist */ = {isa = PBXFileReference; lastKnownFileType = text.plist.xml; path = Info.plist; sourceTree = "<group>"; };
		D9EAE7F1240DEDA10063E8C8 /* shadesUITests.xctest */ = {isa = PBXFileReference; explicitFileType = wrapper.cfbundle; includeInIndex = 0; path = shadesUITests.xctest; sourceTree = BUILT_PRODUCTS_DIR; };
		D9EAE7F5240DEDA10063E8C8 /* shadesUITests.swift */ = {isa = PBXFileReference; lastKnownFileType = sourcecode.swift; path = shadesUITests.swift; sourceTree = "<group>"; };
		D9EAE7F7240DEDA10063E8C8 /* Info.plist */ = {isa = PBXFileReference; lastKnownFileType = text.plist.xml; path = Info.plist; sourceTree = "<group>"; };
		D9EAE803240DEE230063E8C8 /* shades.rcproject */ = {isa = PBXFileReference; lastKnownFileType = file.rcproject; path = shades.rcproject; sourceTree = "<group>"; };
/* End PBXFileReference section */

/* Begin PBXFrameworksBuildPhase section */
		D9EAE7CD240DED9D0063E8C8 /* Frameworks */ = {
			isa = PBXFrameworksBuildPhase;
			buildActionMask = 2147483647;
			files = (
			);
			runOnlyForDeploymentPostprocessing = 0;
		};
		D9EAE7E3240DEDA10063E8C8 /* Frameworks */ = {
			isa = PBXFrameworksBuildPhase;
			buildActionMask = 2147483647;
			files = (
			);
			runOnlyForDeploymentPostprocessing = 0;
		};
		D9EAE7EE240DEDA10063E8C8 /* Frameworks */ = {
			isa = PBXFrameworksBuildPhase;
			buildActionMask = 2147483647;
			files = (
			);
			runOnlyForDeploymentPostprocessing = 0;
		};
/* End PBXFrameworksBuildPhase section */

/* Begin PBXGroup section */
		D9EAE7C7240DED9D0063E8C8 = {
			isa = PBXGroup;
			children = (
				D9EAE7D2240DED9D0063E8C8 /* shades */,
				D9EAE7E9240DEDA10063E8C8 /* shadesTests */,
				D9EAE7F4240DEDA10063E8C8 /* shadesUITests */,
				D9EAE7D1240DED9D0063E8C8 /* Products */,
			);
			sourceTree = "<group>";
		};
		D9EAE7D1240DED9D0063E8C8 /* Products */ = {
			isa = PBXGroup;
			children = (
				D9EAE7D0240DED9D0063E8C8 /* shades.app */,
				D9EAE7E6240DEDA10063E8C8 /* shadesTests.xctest */,
				D9EAE7F1240DEDA10063E8C8 /* shadesUITests.xctest */,
			);
			name = Products;
			sourceTree = "<group>";
		};
		D9EAE7D2240DED9D0063E8C8 /* shades */ = {
			isa = PBXGroup;
			children = (
				D9EAE7D3240DED9D0063E8C8 /* AppDelegate.swift */,
				D9EAE7D5240DED9D0063E8C8 /* ViewController.swift */,
				D9EAE803240DEE230063E8C8 /* shades.rcproject */,
				D9EAE7D9240DED9D0063E8C8 /* Main.storyboard */,
				D9EAE7DC240DEDA10063E8C8 /* Assets.xcassets */,
				D9EAE7DE240DEDA10063E8C8 /* LaunchScreen.storyboard */,
				D9EAE7E1240DEDA10063E8C8 /* Info.plist */,
			);
			path = shades;
			sourceTree = "<group>";
		};
		D9EAE7E9240DEDA10063E8C8 /* shadesTests */ = {
			isa = PBXGroup;
			children = (
				D9EAE7EA240DEDA10063E8C8 /* shadesTests.swift */,
				D9EAE7EC240DEDA10063E8C8 /* Info.plist */,
			);
			path = shadesTests;
			sourceTree = "<group>";
		};
		D9EAE7F4240DEDA10063E8C8 /* shadesUITests */ = {
			isa = PBXGroup;
			children = (
				D9EAE7F5240DEDA10063E8C8 /* shadesUITests.swift */,
				D9EAE7F7240DEDA10063E8C8 /* Info.plist */,
			);
			path = shadesUITests;
			sourceTree = "<group>";
		};
/* End PBXGroup section */

/* Begin PBXNativeTarget section */
		D9EAE7CF240DED9D0063E8C8 /* shades */ = {
			isa = PBXNativeTarget;
			buildConfigurationList = D9EAE7FA240DEDA10063E8C8 /* Build configuration list for PBXNativeTarget "shades" */;
			buildPhases = (
				D9EAE7CC240DED9D0063E8C8 /* Sources */,
				D9EAE7CD240DED9D0063E8C8 /* Frameworks */,
				D9EAE7CE240DED9D0063E8C8 /* Resources */,
			);
			buildRules = (
			);
			dependencies = (
			);
			name = shades;
			productName = shades;
			productReference = D9EAE7D0240DED9D0063E8C8 /* shades.app */;
			productType = "com.apple.product-type.application";
		};
		D9EAE7E5240DEDA10063E8C8 /* shadesTests */ = {
			isa = PBXNativeTarget;
			buildConfigurationList = D9EAE7FD240DEDA10063E8C8 /* Build configuration list for PBXNativeTarget "shadesTests" */;
			buildPhases = (
				D9EAE7E2240DEDA10063E8C8 /* Sources */,
				D9EAE7E3240DEDA10063E8C8 /* Frameworks */,
				D9EAE7E4240DEDA10063E8C8 /* Resources */,
			);
			buildRules = (
			);
			dependencies = (
				D9EAE7E8240DEDA10063E8C8 /* PBXTargetDependency */,
			);
			name = shadesTests;
			productName = shadesTests;
			productReference = D9EAE7E6240DEDA10063E8C8 /* shadesTests.xctest */;
			productType = "com.apple.product-type.bundle.unit-test";
		};
		D9EAE7F0240DEDA10063E8C8 /* shadesUITests */ = {
			isa = PBXNativeTarget;
			buildConfigurationList = D9EAE800240DEDA10063E8C8 /* Build configuration list for PBXNativeTarget "shadesUITests" */;
			buildPhases = (
				D9EAE7ED240DEDA10063E8C8 /* Sources */,
				D9EAE7EE240DEDA10063E8C8 /* Frameworks */,
				D9EAE7EF240DEDA10063E8C8 /* Resources */,
			);
			buildRules = (
			);
			dependencies = (
				D9EAE7F3240DEDA10063E8C8 /* PBXTargetDependency */,
			);
			name = shadesUITests;
			productName = shadesUITests;
			productReference = D9EAE7F1240DEDA10063E8C8 /* shadesUITests.xctest */;
			productType = "com.apple.product-type.bundle.ui-testing";
		};
/* End PBXNativeTarget section */

/* Begin PBXProject section */
		D9EAE7C8240DED9D0063E8C8 /* Project object */ = {
			isa = PBXProject;
			attributes = {
				LastSwiftUpdateCheck = 1130;
				LastUpgradeCheck = 1130;
				ORGANIZATIONNAME = "Sagar Modak";
				TargetAttributes = {
					D9EAE7CF240DED9D0063E8C8 = {
						CreatedOnToolsVersion = 11.3.1;
					};
					D9EAE7E5240DEDA10063E8C8 = {
						CreatedOnToolsVersion = 11.3.1;
						TestTargetID = D9EAE7CF240DED9D0063E8C8;
					};
					D9EAE7F0240DEDA10063E8C8 = {
						CreatedOnToolsVersion = 11.3.1;
						TestTargetID = D9EAE7CF240DED9D0063E8C8;
					};
				};
			};
			buildConfigurationList = D9EAE7CB240DED9D0063E8C8 /* Build configuration list for PBXProject "shades" */;
			compatibilityVersion = "Xcode 9.3";
			developmentRegion = en;
			hasScannedForEncodings = 0;
			knownRegions = (
				en,
				Base,
			);
			mainGroup = D9EAE7C7240DED9D0063E8C8;
			productRefGroup = D9EAE7D1240DED9D0063E8C8 /* Products */;
			projectDirPath = "";
			projectRoot = "";
			targets = (
				D9EAE7CF240DED9D0063E8C8 /* shades */,
				D9EAE7E5240DEDA10063E8C8 /* shadesTests */,
				D9EAE7F0240DEDA10063E8C8 /* shadesUITests */,
			);
		};
/* End PBXProject section */

/* Begin PBXResourcesBuildPhase section */
		D9EAE7CE240DED9D0063E8C8 /* Resources */ = {
			isa = PBXResourcesBuildPhase;
			buildActionMask = 2147483647;
			files = (
				D9EAE7E0240DEDA10063E8C8 /* LaunchScreen.storyboard in Resources */,
				D9EAE7DD240DEDA10063E8C8 /* Assets.xcassets in Resources */,
				D9EAE7DB240DED9D0063E8C8 /* Main.storyboard in Resources */,
			);
			runOnlyForDeploymentPostprocessing = 0;
		};
		D9EAE7E4240DEDA10063E8C8 /* Resources */ = {
			isa = PBXResourcesBuildPhase;
			buildActionMask = 2147483647;
			files = (
			);
			runOnlyForDeploymentPostprocessing = 0;
		};
		D9EAE7EF240DEDA10063E8C8 /* Resources */ = {
			isa = PBXResourcesBuildPhase;
			buildActionMask = 2147483647;
			files = (
			);
			runOnlyForDeploymentPostprocessing = 0;
		};
/* End PBXResourcesBuildPhase section */

/* Begin PBXSourcesBuildPhase section */
		D9EAE7CC240DED9D0063E8C8 /* Sources */ = {
			isa = PBXSourcesBuildPhase;
			buildActionMask = 2147483647;
			files = (
				D9EAE7D6240DED9D0063E8C8 /* ViewController.swift in Sources */,
				D9EAE7D4240DED9D0063E8C8 /* AppDelegate.swift in Sources */,
				D9EAE804240DEE230063E8C8 /* shades.rcproject in Sources */,
			);
			runOnlyForDeploymentPostprocessing = 0;
		};
		D9EAE7E2240DEDA10063E8C8 /* Sources */ = {
			isa = PBXSourcesBuildPhase;
			buildActionMask = 2147483647;
			files = (
				D9EAE7EB240DEDA10063E8C8 /* shadesTests.swift in Sources */,
			);
			runOnlyForDeploymentPostprocessing = 0;
		};
		D9EAE7ED240DEDA10063E8C8 /* Sources */ = {
			isa = PBXSourcesBuildPhase;
			buildActionMask = 2147483647;
			files = (
				D9EAE7F6240DEDA10063E8C8 /* shadesUITests.swift in Sources */,
			);
			runOnlyForDeploymentPostprocessing = 0;
		};
/* End PBXSourcesBuildPhase section */

/* Begin PBXTargetDependency section */
		D9EAE7E8240DEDA10063E8C8 /* PBXTargetDependency */ = {
			isa = PBXTargetDependency;
			target = D9EAE7CF240DED9D0063E8C8 /* shades */;
			targetProxy = D9EAE7E7240DEDA10063E8C8 /* PBXContainerItemProxy */;
		};
		D9EAE7F3240DEDA10063E8C8 /* PBXTargetDependency */ = {
			isa = PBXTargetDependency;
			target = D9EAE7CF240DED9D0063E8C8 /* shades */;
			targetProxy = D9EAE7F2240DEDA10063E8C8 /* PBXContainerItemProxy */;
		};
/* End PBXTargetDependency section */

/* Begin PBXVariantGroup section */
		D9EAE7D9240DED9D0063E8C8 /* Main.storyboard */ = {
			isa = PBXVariantGroup;
			children = (
				D9EAE7DA240DED9D0063E8C8 /* Base */,
			);
			name = Main.storyboard;
			sourceTree = "<group>";
		};
		D9EAE7DE240DEDA10063E8C8 /* LaunchScreen.storyboard */ = {
			isa = PBXVariantGroup;
			children = (
				D9EAE7DF240DEDA10063E8C8 /* Base */,
			);
			name = LaunchScreen.storyboard;
			sourceTree = "<group>";
		};
/* End PBXVariantGroup section */

/* Begin XCBuildConfiguration section */
		D9EAE7F8240DEDA10063E8C8 /* Debug */ = {
			isa = XCBuildConfiguration;
			buildSettings = {
				ALWAYS_SEARCH_USER_PATHS = NO;
				CLANG_ANALYZER_NONNULL = YES;
				CLANG_ANALYZER_NUMBER_OBJECT_CONVERSION = YES_AGGRESSIVE;
				CLANG_CXX_LANGUAGE_STANDARD = "gnu++14";
				CLANG_CXX_LIBRARY = "libc++";
				CLANG_ENABLE_MODULES = YES;
				CLANG_ENABLE_OBJC_ARC = YES;
				CLANG_ENABLE_OBJC_WEAK = YES;
				CLANG_WARN_BLOCK_CAPTURE_AUTORELEASING = YES;
				CLANG_WARN_BOOL_CONVERSION = YES;
				CLANG_WARN_COMMA = YES;
				CLANG_WARN_CONSTANT_CONVERSION = YES;
				CLANG_WARN_DEPRECATED_OBJC_IMPLEMENTATIONS = YES;
				CLANG_WARN_DIRECT_OBJC_ISA_USAGE = YES_ERROR;
				CLANG_WARN_DOCUMENTATION_COMMENTS = YES;
				CLANG_WARN_EMPTY_BODY = YES;
				CLANG_WARN_ENUM_CONVERSION = YES;
				CLANG_WARN_INFINITE_RECURSION = YES;
				CLANG_WARN_INT_CONVERSION = YES;
				CLANG_WARN_NON_LITERAL_NULL_CONVERSION = YES;
				CLANG_WARN_OBJC_IMPLICIT_RETAIN_SELF = YES;
				CLANG_WARN_OBJC_LITERAL_CONVERSION = YES;
				CLANG_WARN_OBJC_ROOT_CLASS = YES_ERROR;
				CLANG_WARN_RANGE_LOOP_ANALYSIS = YES;
				CLANG_WARN_STRICT_PROTOTYPES = YES;
				CLANG_WARN_SUSPICIOUS_MOVE = YES;
				CLANG_WARN_UNGUARDED_AVAILABILITY = YES_AGGRESSIVE;
				CLANG_WARN_UNREACHABLE_CODE = YES;
				CLANG_WARN__DUPLICATE_METHOD_MATCH = YES;
				COPY_PHASE_STRIP = NO;
				DEBUG_INFORMATION_FORMAT = dwarf;
				ENABLE_STRICT_OBJC_MSGSEND = YES;
				ENABLE_TESTABILITY = YES;
				GCC_C_LANGUAGE_STANDARD = gnu11;
				GCC_DYNAMIC_NO_PIC = NO;
				GCC_NO_COMMON_BLOCKS = YES;
				GCC_OPTIMIZATION_LEVEL = 0;
				GCC_PREPROCESSOR_DEFINITIONS = (
					"DEBUG=1",
					"$(inherited)",
				);
				GCC_WARN_64_TO_32_BIT_CONVERSION = YES;
				GCC_WARN_ABOUT_RETURN_TYPE = YES_ERROR;
				GCC_WARN_UNDECLARED_SELECTOR = YES;
				GCC_WARN_UNINITIALIZED_AUTOS = YES_AGGRESSIVE;
				GCC_WARN_UNUSED_FUNCTION = YES;
				GCC_WARN_UNUSED_VARIABLE = YES;
				IPHONEOS_DEPLOYMENT_TARGET = 13.2;
				MTL_ENABLE_DEBUG_INFO = INCLUDE_SOURCE;
				MTL_FAST_MATH = YES;
				ONLY_ACTIVE_ARCH = YES;
				SDKROOT = iphoneos;
				SWIFT_ACTIVE_COMPILATION_CONDITIONS = DEBUG;
				SWIFT_OPTIMIZATION_LEVEL = "-Onone";
			};
			name = Debug;
		};
		D9EAE7F9240DEDA10063E8C8 /* Release */ = {
			isa = XCBuildConfiguration;
			buildSettings = {
				ALWAYS_SEARCH_USER_PATHS = NO;
				CLANG_ANALYZER_NONNULL = YES;
				CLANG_ANALYZER_NUMBER_OBJECT_CONVERSION = YES_AGGRESSIVE;
				CLANG_CXX_LANGUAGE_STANDARD = "gnu++14";
				CLANG_CXX_LIBRARY = "libc++";
				CLANG_ENABLE_MODULES = YES;
				CLANG_ENABLE_OBJC_ARC = YES;
				CLANG_ENABLE_OBJC_WEAK = YES;
				CLANG_WARN_BLOCK_CAPTURE_AUTORELEASING = YES;
				CLANG_WARN_BOOL_CONVERSION = YES;
				CLANG_WARN_COMMA = YES;
				CLANG_WARN_CONSTANT_CONVERSION = YES;
				CLANG_WARN_DEPRECATED_OBJC_IMPLEMENTATIONS = YES;
				CLANG_WARN_DIRECT_OBJC_ISA_USAGE = YES_ERROR;
				CLANG_WARN_DOCUMENTATION_COMMENTS = YES;
				CLANG_WARN_EMPTY_BODY = YES;
				CLANG_WARN_ENUM_CONVERSION = YES;
				CLANG_WARN_INFINITE_RECURSION = YES;
				CLANG_WARN_INT_CONVERSION = YES;
				CLANG_WARN_NON_LITERAL_NULL_CONVERSION = YES;
				CLANG_WARN_OBJC_IMPLICIT_RETAIN_SELF = YES;
				CLANG_WARN_OBJC_LITERAL_CONVERSION = YES;
				CLANG_WARN_OBJC_ROOT_CLASS = YES_ERROR;
				CLANG_WARN_RANGE_LOOP_ANALYSIS = YES;
				CLANG_WARN_STRICT_PROTOTYPES = YES;
				CLANG_WARN_SUSPICIOUS_MOVE = YES;
				CLANG_WARN_UNGUARDED_AVAILABILITY = YES_AGGRESSIVE;
				CLANG_WARN_UNREACHABLE_CODE = YES;
				CLANG_WARN__DUPLICATE_METHOD_MATCH = YES;
				COPY_PHASE_STRIP = NO;
				DEBUG_INFORMATION_FORMAT = "dwarf-with-dsym";
				ENABLE_NS_ASSERTIONS = NO;
				ENABLE_STRICT_OBJC_MSGSEND = YES;
				GCC_C_LANGUAGE_STANDARD = gnu11;
				GCC_NO_COMMON_BLOCKS = YES;
				GCC_WARN_64_TO_32_BIT_CONVERSION = YES;
				GCC_WARN_ABOUT_RETURN_TYPE = YES_ERROR;
				GCC_WARN_UNDECLARED_SELECTOR = YES;
				GCC_WARN_UNINITIALIZED_AUTOS = YES_AGGRESSIVE;
				GCC_WARN_UNUSED_FUNCTION = YES;
				GCC_WARN_UNUSED_VARIABLE = YES;
				IPHONEOS_DEPLOYMENT_TARGET = 13.2;
				MTL_ENABLE_DEBUG_INFO = NO;
				MTL_FAST_MATH = YES;
				SDKROOT = iphoneos;
				SWIFT_COMPILATION_MODE = wholemodule;
				SWIFT_OPTIMIZATION_LEVEL = "-O";
				VALIDATE_PRODUCT = YES;
			};
			name = Release;
		};
		D9EAE7FB240DEDA10063E8C8 /* Debug */ = {
			isa = XCBuildConfiguration;
			buildSettings = {
				ASSETCATALOG_COMPILER_APPICON_NAME = AppIcon;
				CODE_SIGN_STYLE = Automatic;
				DEVELOPMENT_TEAM = 7D4SP7MN7D;
				INFOPLIST_FILE = shades/Info.plist;
				LD_RUNPATH_SEARCH_PATHS = (
					"$(inherited)",
					"@executable_path/Frameworks",
				);
				PRODUCT_BUNDLE_IDENTIFIER = com.sagarmodakit.shades;
				PRODUCT_NAME = "$(TARGET_NAME)";
				SWIFT_VERSION = 5.0;
				TARGETED_DEVICE_FAMILY = "1,2";
			};
			name = Debug;
		};
		D9EAE7FC240DEDA10063E8C8 /* Release */ = {
			isa = XCBuildConfiguration;
			buildSettings = {
				ASSETCATALOG_COMPILER_APPICON_NAME = AppIcon;
				CODE_SIGN_STYLE = Automatic;
				DEVELOPMENT_TEAM = 7D4SP7MN7D;
				INFOPLIST_FILE = shades/Info.plist;
				LD_RUNPATH_SEARCH_PATHS = (
					"$(inherited)",
					"@executable_path/Frameworks",
				);
				PRODUCT_BUNDLE_IDENTIFIER = com.sagarmodakit.shades;
				PRODUCT_NAME = "$(TARGET_NAME)";
				SWIFT_VERSION = 5.0;
				TARGETED_DEVICE_FAMILY = "1,2";
			};
			name = Release;
		};
		D9EAE7FE240DEDA10063E8C8 /* Debug */ = {
			isa = XCBuildConfiguration;
			buildSettings = {
				ALWAYS_EMBED_SWIFT_STANDARD_LIBRARIES = YES;
				BUNDLE_LOADER = "$(TEST_HOST)";
				CODE_SIGN_STYLE = Automatic;
				DEVELOPMENT_TEAM = 7D4SP7MN7D;
				INFOPLIST_FILE = shadesTests/Info.plist;
				IPHONEOS_DEPLOYMENT_TARGET = 13.2;
				LD_RUNPATH_SEARCH_PATHS = (
					"$(inherited)",
					"@executable_path/Frameworks",
					"@loader_path/Frameworks",
				);
				PRODUCT_BUNDLE_IDENTIFIER = com.sagarmodakit.shadesTests;
				PRODUCT_NAME = "$(TARGET_NAME)";
				SWIFT_VERSION = 5.0;
				TARGETED_DEVICE_FAMILY = "1,2";
				TEST_HOST = "$(BUILT_PRODUCTS_DIR)/shades.app/shades";
			};
			name = Debug;
		};
		D9EAE7FF240DEDA10063E8C8 /* Release */ = {
			isa = XCBuildConfiguration;
			buildSettings = {
				ALWAYS_EMBED_SWIFT_STANDARD_LIBRARIES = YES;
				BUNDLE_LOADER = "$(TEST_HOST)";
				CODE_SIGN_STYLE = Automatic;
				DEVELOPMENT_TEAM = 7D4SP7MN7D;
				INFOPLIST_FILE = shadesTests/Info.plist;
				IPHONEOS_DEPLOYMENT_TARGET = 13.2;
				LD_RUNPATH_SEARCH_PATHS = (
					"$(inherited)",
					"@executable_path/Frameworks",
					"@loader_path/Frameworks",
				);
				PRODUCT_BUNDLE_IDENTIFIER = com.sagarmodakit.shadesTests;
				PRODUCT_NAME = "$(TARGET_NAME)";
				SWIFT_VERSION = 5.0;
				TARGETED_DEVICE_FAMILY = "1,2";
				TEST_HOST = "$(BUILT_PRODUCTS_DIR)/shades.app/shades";
			};
			name = Release;
		};
		D9EAE801240DEDA10063E8C8 /* Debug */ = {
			isa = XCBuildConfiguration;
			buildSettings = {
				ALWAYS_EMBED_SWIFT_STANDARD_LIBRARIES = YES;
				CODE_SIGN_STYLE = Automatic;
				DEVELOPMENT_TEAM = 7D4SP7MN7D;
				INFOPLIST_FILE = shadesUITests/Info.plist;
				LD_RUNPATH_SEARCH_PATHS = (
					"$(inherited)",
					"@executable_path/Frameworks",
					"@loader_path/Frameworks",
				);
				PRODUCT_BUNDLE_IDENTIFIER = com.sagarmodakit.shadesUITests;
				PRODUCT_NAME = "$(TARGET_NAME)";
				SWIFT_VERSION = 5.0;
				TARGETED_DEVICE_FAMILY = "1,2";
				TEST_TARGET_NAME = shades;
			};
			name = Debug;
		};
		D9EAE802240DEDA10063E8C8 /* Release */ = {
			isa = XCBuildConfiguration;
			buildSettings = {
				ALWAYS_EMBED_SWIFT_STANDARD_LIBRARIES = YES;
				CODE_SIGN_STYLE = Automatic;
				DEVELOPMENT_TEAM = 7D4SP7MN7D;
				INFOPLIST_FILE = shadesUITests/Info.plist;
				LD_RUNPATH_SEARCH_PATHS = (
					"$(inherited)",
					"@executable_path/Frameworks",
					"@loader_path/Frameworks",
				);
				PRODUCT_BUNDLE_IDENTIFIER = com.sagarmodakit.shadesUITests;
				PRODUCT_NAME = "$(TARGET_NAME)";
				SWIFT_VERSION = 5.0;
				TARGETED_DEVICE_FAMILY = "1,2";
				TEST_TARGET_NAME = shades;
			};
			name = Release;
		};
/* End XCBuildConfiguration section */

/* Begin XCConfigurationList section */
		D9EAE7CB240DED9D0063E8C8 /* Build configuration list for PBXProject "shades" */ = {
			isa = XCConfigurationList;
			buildConfigurations = (
				D9EAE7F8240DEDA10063E8C8 /* Debug */,
				D9EAE7F9240DEDA10063E8C8 /* Release */,
			);
			defaultConfigurationIsVisible = 0;
			defaultConfigurationName = Release;
		};
		D9EAE7FA240DEDA10063E8C8 /* Build configuration list for PBXNativeTarget "shades" */ = {
			isa = XCConfigurationList;
			buildConfigurations = (
				D9EAE7FB240DEDA10063E8C8 /* Debug */,
				D9EAE7FC240DEDA10063E8C8 /* Release */,
			);
			defaultConfigurationIsVisible = 0;
			defaultConfigurationName = Release;
		};
		D9EAE7FD240DEDA10063E8C8 /* Build configuration list for PBXNativeTarget "shadesTests" */ = {
			isa = XCConfigurationList;
			buildConfigurations = (
				D9EAE7FE240DEDA10063E8C8 /* Debug */,
				D9EAE7FF240DEDA10063E8C8 /* Release */,
			);
			defaultConfigurationIsVisible = 0;
			defaultConfigurationName = Release;
		};
		D9EAE800240DEDA10063E8C8 /* Build configuration list for PBXNativeTarget "shadesUITests" */ = {
			isa = XCConfigurationList;
			buildConfigurations = (
				D9EAE801240DEDA10063E8C8 /* Debug */,
				D9EAE802240DEDA10063E8C8 /* Release */,
			);
			defaultConfigurationIsVisible = 0;
			defaultConfigurationName = Release;
		};
/* End XCConfigurationList section */
	};
	rootObject = D9EAE7C8240DED9D0063E8C8 /* Project object */;
}
